
Microsoft Visual Studio Solution File, Format Version 12.00
# Visual Studio Version 16
VisualStudioVersion = 16.0.29926.136
MinimumVisualStudioVersion = 10.0.40219.1
Project("{9A19103F-16F7-4668-BE54-9A1E7A4F7556}") = "ChallengeItau.Tests", "ChallengeItau.Tests\ChallengeItau.Tests.csproj", "{DF45049D-8B51-4292-9258-12D0DBEAE85B}"
EndProject
Project("{FAE04EC0-301F-11D3-BF4B-00C04F79EFBC}") = "ChallengeItau.Services.API", "ChallengeItau.Services.API\ChallengeItau.Services.API.csproj", "{7C01758E-4AE6-4F45-B752-1ACB764E04C6}"
EndProject
Project("{FAE04EC0-301F-11D3-BF4B-00C04F79EFBC}") = "ChallengeItau.Services", "ChallengeItau.Services\ChallengeItau.Services.csproj", "{067754DD-A8D8-42C8-984E-6135E871CAF3}"
EndProject
Project("{FAE04EC0-301F-11D3-BF4B-00C04F79EFBC}") = "ChallengeItau.Domain", "ChallengeItau.Domain\ChallengeItau.Domain.csproj", "{BE8D45FF-11A7-4077-AFC3-CEE41DD0D224}"
EndProject
Global
	GlobalSection(SolutionConfigurationPlatforms) = preSolution
		Debug|Any CPU = Debug|Any CPU
		Release|Any CPU = Release|Any CPU
	EndGlobalSection
	GlobalSection(ProjectConfigurationPlatforms) = postSolution
		{DF45049D-8B51-4292-9258-12D0DBEAE85B}.Debug|Any CPU.ActiveCfg = Debug|Any CPU
		{DF45049D-8B51-4292-9258-12D0DBEAE85B}.Debug|Any CPU.Build.0 = Debug|Any CPU
		{DF45049D-8B51-4292-9258-12D0DBEAE85B}.Release|Any CPU.ActiveCfg = Release|Any CPU
		{DF45049D-8B51-4292-9258-12D0DBEAE85B}.Release|Any CPU.Build.0 = Release|Any CPU
		{7C01758E-4AE6-4F45-B752-1ACB764E04C6}.Debug|Any CPU.ActiveCfg = Debug|Any CPU
		{7C01758E-4AE6-4F45-B752-1ACB764E04C6}.Debug|Any CPU.Build.0 = Debug|Any CPU
		{7C01758E-4AE6-4F45-B752-1ACB764E04C6}.Release|Any CPU.ActiveCfg = Release|Any CPU
		{7C01758E-4AE6-4F45-B752-1ACB764E04C6}.Release|Any CPU.Build.0 = Release|Any CPU
		{067754DD-A8D8-42C8-984E-6135E871CAF3}.Debug|Any CPU.ActiveCfg = Debug|Any CPU
		{067754DD-A8D8-42C8-984E-6135E871CAF3}.Debug|Any CPU.Build.0 = Debug|Any CPU
		{067754DD-A8D8-42C8-984E-6135E871CAF3}.Release|Any CPU.ActiveCfg = Release|Any CPU
		{067754DD-A8D8-42C8-984E-6135E871CAF3}.Release|Any CPU.Build.0 = Release|Any CPU
		{BE8D45FF-11A7-4077-AFC3-CEE41DD0D224}.Debug|Any CPU.ActiveCfg = Debug|Any CPU
		{BE8D45FF-11A7-4077-AFC3-CEE41DD0D224}.Debug|Any CPU.Build.0 = Debug|Any CPU
		{BE8D45FF-11A7-4077-AFC3-CEE41DD0D224}.Release|Any CPU.ActiveCfg = Release|Any CPU
		{BE8D45FF-11A7-4077-AFC3-CEE41DD0D224}.Release|Any CPU.Build.0 = Release|Any CPU
	EndGlobalSection
	GlobalSection(SolutionProperties) = preSolution
		HideSolutionNode = FALSE
	EndGlobalSection
	GlobalSection(ExtensibilityGlobals) = postSolution
		SolutionGuid = {A2EB4156-F95F-43EB-85C8-07B8EC17D23E}
	EndGlobalSection
EndGlobal
